
Microsoft Visual Studio Solution File, Format Version 12.00
# Visual Studio Version 16
VisualStudioVersion = 16.0.29806.167
MinimumVisualStudioVersion = 10.0.40219.1
Project("{FAE04EC0-301F-11D3-BF4B-00C04F79EFBC}") = "terminar_comida.UWP", "terminar_comida\terminar_comida.UWP\terminar_comida.UWP.csproj", "{8C40048D-44ED-4CF5-AFE9-C1D26BEB35EB}"
EndProject
Project("{FAE04EC0-301F-11D3-BF4B-00C04F79EFBC}") = "terminar_comida.Android", "terminar_comida\terminar_comida.Android\terminar_comida.Android.csproj", "{2E5AC6A6-C99D-4E1B-ABA8-97DCF8104F19}"
EndProject
Project("{FAE04EC0-301F-11D3-BF4B-00C04F79EFBC}") = "terminar_comida.iOS", "terminar_comida\terminar_comida.iOS\terminar_comida.iOS.csproj", "{8E0C7B6A-C7B8-4172-95AA-CA5E6D7F3813}"
EndProject
Project("{FAE04EC0-301F-11D3-BF4B-00C04F79EFBC}") = "terminar_comida", "terminar_comida\terminar_comida\terminar_comida.csproj", "{B2FF7FF2-2F4F-448E-B4B6-F020B67D9A66}"
EndProject
Global
	GlobalSection(SolutionConfigurationPlatforms) = preSolution
		Debug|Any CPU = Debug|Any CPU
		Debug|ARM = Debug|ARM
		Debug|iPhone = Debug|iPhone
		Debug|iPhoneSimulator = Debug|iPhoneSimulator
		Debug|x64 = Debug|x64
		Debug|x86 = Debug|x86
		Release|Any CPU = Release|Any CPU
		Release|ARM = Release|ARM
		Release|iPhone = Release|iPhone
		Release|iPhoneSimulator = Release|iPhoneSimulator
		Release|x64 = Release|x64
		Release|x86 = Release|x86
	EndGlobalSection
	GlobalSection(ProjectConfigurationPlatforms) = postSolution
		{8C40048D-44ED-4CF5-AFE9-C1D26BEB35EB}.Debug|Any CPU.ActiveCfg = Debug|x86
		{8C40048D-44ED-4CF5-AFE9-C1D26BEB35EB}.Debug|Any CPU.Build.0 = Debug|x86
		{8C40048D-44ED-4CF5-AFE9-C1D26BEB35EB}.Debug|Any CPU.Deploy.0 = Debug|x86
		{8C40048D-44ED-4CF5-AFE9-C1D26BEB35EB}.Debug|ARM.ActiveCfg = Debug|ARM
		{8C40048D-44ED-4CF5-AFE9-C1D26BEB35EB}.Debug|ARM.Build.0 = Debug|ARM
		{8C40048D-44ED-4CF5-AFE9-C1D26BEB35EB}.Debug|ARM.Deploy.0 = Debug|ARM
		{8C40048D-44ED-4CF5-AFE9-C1D26BEB35EB}.Debug|iPhone.ActiveCfg = Debug|x86
		{8C40048D-44ED-4CF5-AFE9-C1D26BEB35EB}.Debug|iPhone.Build.0 = Debug|x86
		{8C40048D-44ED-4CF5-AFE9-C1D26BEB35EB}.Debug|iPhone.Deploy.0 = Debug|x86
		{8C40048D-44ED-4CF5-AFE9-C1D26BEB35EB}.Debug|iPhoneSimulator.ActiveCfg = Debug|x86
		{8C40048D-44ED-4CF5-AFE9-C1D26BEB35EB}.Debug|iPhoneSimulator.Build.0 = Debug|x86
		{8C40048D-44ED-4CF5-AFE9-C1D26BEB35EB}.Debug|iPhoneSimulator.Deploy.0 = Debug|x86
		{8C40048D-44ED-4CF5-AFE9-C1D26BEB35EB}.Debug|x64.ActiveCfg = Debug|x64
		{8C40048D-44ED-4CF5-AFE9-C1D26BEB35EB}.Debug|x64.Build.0 = Debug|x64
		{8C40048D-44ED-4CF5-AFE9-C1D26BEB35EB}.Debug|x64.Deploy.0 = Debug|x64
		{8C40048D-44ED-4CF5-AFE9-C1D26BEB35EB}.Debug|x86.ActiveCfg = Debug|x86
		{8C40048D-44ED-4CF5-AFE9-C1D26BEB35EB}.Debug|x86.Build.0 = Debug|x86
		{8C40048D-44ED-4CF5-AFE9-C1D26BEB35EB}.Debug|x86.Deploy.0 = Debug|x86
		{8C40048D-44ED-4CF5-AFE9-C1D26BEB35EB}.Release|Any CPU.ActiveCfg = Release|x86
		{8C40048D-44ED-4CF5-AFE9-C1D26BEB35EB}.Release|Any CPU.Build.0 = Release|x86
		{8C40048D-44ED-4CF5-AFE9-C1D26BEB35EB}.Release|Any CPU.Deploy.0 = Release|x86
		{8C40048D-44ED-4CF5-AFE9-C1D26BEB35EB}.Release|ARM.ActiveCfg = Release|ARM
		{8C40048D-44ED-4CF5-AFE9-C1D26BEB35EB}.Release|ARM.Build.0 = Release|ARM
		{8C40048D-44ED-4CF5-AFE9-C1D26BEB35EB}.Release|ARM.Deploy.0 = Release|ARM
		{8C40048D-44ED-4CF5-AFE9-C1D26BEB35EB}.Release|iPhone.ActiveCfg = Release|x86
		{8C40048D-44ED-4CF5-AFE9-C1D26BEB35EB}.Release|iPhone.Build.0 = Release|x86
		{8C40048D-44ED-4CF5-AFE9-C1D26BEB35EB}.Release|iPhone.Deploy.0 = Release|x86
		{8C40048D-44ED-4CF5-AFE9-C1D26BEB35EB}.Release|iPhoneSimulator.ActiveCfg = Release|x86
		{8C40048D-44ED-4CF5-AFE9-C1D26BEB35EB}.Release|iPhoneSimulator.Build.0 = Release|x86
		{8C40048D-44ED-4CF5-AFE9-C1D26BEB35EB}.Release|iPhoneSimulator.Deploy.0 = Release|x86
		{8C40048D-44ED-4CF5-AFE9-C1D26BEB35EB}.Release|x64.ActiveCfg = Release|x64
		{8C40048D-44ED-4CF5-AFE9-C1D26BEB35EB}.Release|x64.Build.0 = Release|x64
		{8C40048D-44ED-4CF5-AFE9-C1D26BEB35EB}.Release|x64.Deploy.0 = Release|x64
		{8C40048D-44ED-4CF5-AFE9-C1D26BEB35EB}.Release|x86.ActiveCfg = Release|x86
		{8C40048D-44ED-4CF5-AFE9-C1D26BEB35EB}.Release|x86.Build.0 = Release|x86
		{8C40048D-44ED-4CF5-AFE9-C1D26BEB35EB}.Release|x86.Deploy.0 = Release|x86
		{2E5AC6A6-C99D-4E1B-ABA8-97DCF8104F19}.Debug|Any CPU.ActiveCfg = Debug|Any CPU
		{2E5AC6A6-C99D-4E1B-ABA8-97DCF8104F19}.Debug|Any CPU.Build.0 = Debug|Any CPU
		{2E5AC6A6-C99D-4E1B-ABA8-97DCF8104F19}.Debug|Any CPU.Deploy.0 = Debug|Any CPU
		{2E5AC6A6-C99D-4E1B-ABA8-97DCF8104F19}.Debug|ARM.ActiveCfg = Debug|Any CPU
		{2E5AC6A6-C99D-4E1B-ABA8-97DCF8104F19}.Debug|ARM.Build.0 = Debug|Any CPU
		{2E5AC6A6-C99D-4E1B-ABA8-97DCF8104F19}.Debug|ARM.Deploy.0 = Debug|Any CPU
		{2E5AC6A6-C99D-4E1B-ABA8-97DCF8104F19}.Debug|iPhone.ActiveCfg = Debug|Any CPU
		{2E5AC6A6-C99D-4E1B-ABA8-97DCF8104F19}.Debug|iPhone.Build.0 = Debug|Any CPU
		{2E5AC6A6-C99D-4E1B-ABA8-97DCF8104F19}.Debug|iPhone.Deploy.0 = Debug|Any CPU
		{2E5AC6A6-C99D-4E1B-ABA8-97DCF8104F19}.Debug|iPhoneSimulator.ActiveCfg = Debug|Any CPU
		{2E5AC6A6-C99D-4E1B-ABA8-97DCF8104F19}.Debug|iPhoneSimulator.Build.0 = Debug|Any CPU
		{2E5AC6A6-C99D-4E1B-ABA8-97DCF8104F19}.Debug|iPhoneSimulator.Deploy.0 = Debug|Any CPU
		{2E5AC6A6-C99D-4E1B-ABA8-97DCF8104F19}.Debug|x64.ActiveCfg = Debug|Any CPU
		{2E5AC6A6-C99D-4E1B-ABA8-97DCF8104F19}.Debug|x64.Build.0 = Debug|Any CPU
		{2E5AC6A6-C99D-4E1B-ABA8-97DCF8104F19}.Debug|x64.Deploy.0 = Debug|Any CPU
		{2E5AC6A6-C99D-4E1B-ABA8-97DCF8104F19}.Debug|x86.ActiveCfg = Debug|Any CPU
		{2E5AC6A6-C99D-4E1B-ABA8-97DCF8104F19}.Debug|x86.Build.0 = Debug|Any CPU
		{2E5AC6A6-C99D-4E1B-ABA8-97DCF8104F19}.Debug|x86.Deploy.0 = Debug|Any CPU
		{2E5AC6A6-C99D-4E1B-ABA8-97DCF8104F19}.Release|Any CPU.ActiveCfg = Release|Any CPU
		{2E5AC6A6-C99D-4E1B-ABA8-97DCF8104F19}.Release|Any CPU.Build.0 = Release|Any CPU
		{2E5AC6A6-C99D-4E1B-ABA8-97DCF8104F19}.Release|Any CPU.Deploy.0 = Release|Any CPU
		{2E5AC6A6-C99D-4E1B-ABA8-97DCF8104F19}.Release|ARM.ActiveCfg = Release|Any CPU
		{2E5AC6A6-C99D-4E1B-ABA8-97DCF8104F19}.Release|ARM.Build.0 = Release|Any CPU
		{2E5AC6A6-C99D-4E1B-ABA8-97DCF8104F19}.Release|ARM.Deploy.0 = Release|Any CPU
		{2E5AC6A6-C99D-4E1B-ABA8-97DCF8104F19}.Release|iPhone.ActiveCfg = Release|Any CPU
		{2E5AC6A6-C99D-4E1B-ABA8-97DCF8104F19}.Release|iPhone.Build.0 = Release|Any CPU
		{2E5AC6A6-C99D-4E1B-ABA8-97DCF8104F19}.Release|iPhone.Deploy.0 = Release|Any CPU
		{2E5AC6A6-C99D-4E1B-ABA8-97DCF8104F19}.Release|iPhoneSimulator.ActiveCfg = Release|Any CPU
		{2E5AC6A6-C99D-4E1B-ABA8-97DCF8104F19}.Release|iPhoneSimulator.Build.0 = Release|Any CPU
		{2E5AC6A6-C99D-4E1B-ABA8-97DCF8104F19}.Release|iPhoneSimulator.Deploy.0 = Release|Any CPU
		{2E5AC6A6-C99D-4E1B-ABA8-97DCF8104F19}.Release|x64.ActiveCfg = Release|Any CPU
		{2E5AC6A6-C99D-4E1B-ABA8-97DCF8104F19}.Release|x64.Build.0 = Release|Any CPU
		{2E5AC6A6-C99D-4E1B-ABA8-97DCF8104F19}.Release|x64.Deploy.0 = Release|Any CPU
		{2E5AC6A6-C99D-4E1B-ABA8-97DCF8104F19}.Release|x86.ActiveCfg = Release|Any CPU
		{2E5AC6A6-C99D-4E1B-ABA8-97DCF8104F19}.Release|x86.Build.0 = Release|Any CPU
		{2E5AC6A6-C99D-4E1B-ABA8-97DCF8104F19}.Release|x86.Deploy.0 = Release|Any CPU
		{8E0C7B6A-C7B8-4172-95AA-CA5E6D7F3813}.Debug|Any CPU.ActiveCfg = Debug|iPhone
		{8E0C7B6A-C7B8-4172-95AA-CA5E6D7F3813}.Debug|Any CPU.Build.0 = Debug|iPhone
		{8E0C7B6A-C7B8-4172-95AA-CA5E6D7F3813}.Debug|Any CPU.Deploy.0 = Debug|iPhone
		{8E0C7B6A-C7B8-4172-95AA-CA5E6D7F3813}.Debug|ARM.ActiveCfg = Debug|iPhoneSimulator
		{8E0C7B6A-C7B8-4172-95AA-CA5E6D7F3813}.Debug|ARM.Build.0 = Debug|iPhoneSimulator
		{8E0C7B6A-C7B8-4172-95AA-CA5E6D7F3813}.Debug|ARM.Deploy.0 = Debug|iPhoneSimulator
		{8E0C7B6A-C7B8-4172-95AA-CA5E6D7F3813}.Debug|iPhone.ActiveCfg = Debug|iPhone
		{8E0C7B6A-C7B8-4172-95AA-CA5E6D7F3813}.Debug|iPhone.Build.0 = Debug|iPhone
		{8E0C7B6A-C7B8-4172-95AA-CA5E6D7F3813}.Debug|iPhone.Deploy.0 = Debug|iPhone
		{8E0C7B6A-C7B8-4172-95AA-CA5E6D7F3813}.Debug|iPhoneSimulator.ActiveCfg = Debug|iPhoneSimulator
		{8E0C7B6A-C7B8-4172-95AA-CA5E6D7F3813}.Debug|iPhoneSimulator.Build.0 = Debug|iPhoneSimulator
		{8E0C7B6A-C7B8-4172-95AA-CA5E6D7F3813}.Debug|iPhoneSimulator.Deploy.0 = Debug|iPhoneSimulator
		{8E0C7B6A-C7B8-4172-95AA-CA5E6D7F3813}.Debug|x64.ActiveCfg = Debug|iPhone
		{8E0C7B6A-C7B8-4172-95AA-CA5E6D7F3813}.Debug|x64.Build.0 = Debug|iPhone
		{8E0C7B6A-C7B8-4172-95AA-CA5E6D7F3813}.Debug|x64.Deploy.0 = Debug|iPhone
		{8E0C7B6A-C7B8-4172-95AA-CA5E6D7F3813}.Debug|x86.ActiveCfg = Debug|iPhone
		{8E0C7B6A-C7B8-4172-95AA-CA5E6D7F3813}.Debug|x86.Build.0 = Debug|iPhone
		{8E0C7B6A-C7B8-4172-95AA-CA5E6D7F3813}.Debug|x86.Deploy.0 = Debug|iPhone
		{8E0C7B6A-C7B8-4172-95AA-CA5E6D7F3813}.Release|Any CPU.ActiveCfg = Release|iPhone
		{8E0C7B6A-C7B8-4172-95AA-CA5E6D7F3813}.Release|Any CPU.Build.0 = Release|iPhone
		{8E0C7B6A-C7B8-4172-95AA-CA5E6D7F3813}.Release|Any CPU.Deploy.0 = Release|iPhone
		{8E0C7B6A-C7B8-4172-95AA-CA5E6D7F3813}.Release|ARM.ActiveCfg = Release|iPhone
		{8E0C7B6A-C7B8-4172-95AA-CA5E6D7F3813}.Release|ARM.Build.0 = Release|iPhone
		{8E0C7B6A-C7B8-4172-95AA-CA5E6D7F3813}.Release|ARM.Deploy.0 = Release|iPhone
		{8E0C7B6A-C7B8-4172-95AA-CA5E6D7F3813}.Release|iPhone.ActiveCfg = Release|iPhone
		{8E0C7B6A-C7B8-4172-95AA-CA5E6D7F3813}.Release|iPhone.Build.0 = Release|iPhone
		{8E0C7B6A-C7B8-4172-95AA-CA5E6D7F3813}.Release|iPhone.Deploy.0 = Release|iPhone
		{8E0C7B6A-C7B8-4172-95AA-CA5E6D7F3813}.Release|iPhoneSimulator.ActiveCfg = Release|iPhoneSimulator
		{8E0C7B6A-C7B8-4172-95AA-CA5E6D7F3813}.Release|iPhoneSimulator.Build.0 = Release|iPhoneSimulator
		{8E0C7B6A-C7B8-4172-95AA-CA5E6D7F3813}.Release|iPhoneSimulator.Deploy.0 = Release|iPhoneSimulator
		{8E0C7B6A-C7B8-4172-95AA-CA5E6D7F3813}.Release|x64.ActiveCfg = Release|iPhone
		{8E0C7B6A-C7B8-4172-95AA-CA5E6D7F3813}.Release|x64.Build.0 = Release|iPhone
		{8E0C7B6A-C7B8-4172-95AA-CA5E6D7F3813}.Release|x64.Deploy.0 = Release|iPhone
		{8E0C7B6A-C7B8-4172-95AA-CA5E6D7F3813}.Release|x86.ActiveCfg = Release|iPhone
		{8E0C7B6A-C7B8-4172-95AA-CA5E6D7F3813}.Release|x86.Build.0 = Release|iPhone
		{8E0C7B6A-C7B8-4172-95AA-CA5E6D7F3813}.Release|x86.Deploy.0 = Release|iPhone
		{B2FF7FF2-2F4F-448E-B4B6-F020B67D9A66}.Debug|Any CPU.ActiveCfg = Debug|Any CPU
		{B2FF7FF2-2F4F-448E-B4B6-F020B67D9A66}.Debug|Any CPU.Build.0 = Debug|Any CPU
		{B2FF7FF2-2F4F-448E-B4B6-F020B67D9A66}.Debug|Any CPU.Deploy.0 = Debug|Any CPU
		{B2FF7FF2-2F4F-448E-B4B6-F020B67D9A66}.Debug|ARM.ActiveCfg = Debug|Any CPU
		{B2FF7FF2-2F4F-448E-B4B6-F020B67D9A66}.Debug|ARM.Build.0 = Debug|Any CPU
		{B2FF7FF2-2F4F-448E-B4B6-F020B67D9A66}.Debug|ARM.Deploy.0 = Debug|Any CPU
		{B2FF7FF2-2F4F-448E-B4B6-F020B67D9A66}.Debug|iPhone.ActiveCfg = Debug|Any CPU
		{B2FF7FF2-2F4F-448E-B4B6-F020B67D9A66}.Debug|iPhone.Build.0 = Debug|Any CPU
		{B2FF7FF2-2F4F-448E-B4B6-F020B67D9A66}.Debug|iPhone.Deploy.0 = Debug|Any CPU
		{B2FF7FF2-2F4F-448E-B4B6-F020B67D9A66}.Debug|iPhoneSimulator.ActiveCfg = Debug|Any CPU
		{B2FF7FF2-2F4F-448E-B4B6-F020B67D9A66}.Debug|iPhoneSimulator.Build.0 = Debug|Any CPU
		{B2FF7FF2-2F4F-448E-B4B6-F020B67D9A66}.Debug|iPhoneSimulator.Deploy.0 = Debug|Any CPU
		{B2FF7FF2-2F4F-448E-B4B6-F020B67D9A66}.Debug|x64.ActiveCfg = Debug|Any CPU
		{B2FF7FF2-2F4F-448E-B4B6-F020B67D9A66}.Debug|x64.Build.0 = Debug|Any CPU
		{B2FF7FF2-2F4F-448E-B4B6-F020B67D9A66}.Debug|x64.Deploy.0 = Debug|Any CPU
		{B2FF7FF2-2F4F-448E-B4B6-F020B67D9A66}.Debug|x86.ActiveCfg = Debug|Any CPU
		{B2FF7FF2-2F4F-448E-B4B6-F020B67D9A66}.Debug|x86.Build.0 = Debug|Any CPU
		{B2FF7FF2-2F4F-448E-B4B6-F020B67D9A66}.Debug|x86.Deploy.0 = Debug|Any CPU
		{B2FF7FF2-2F4F-448E-B4B6-F020B67D9A66}.Release|Any CPU.ActiveCfg = Release|Any CPU
		{B2FF7FF2-2F4F-448E-B4B6-F020B67D9A66}.Release|Any CPU.Build.0 = Release|Any CPU
		{B2FF7FF2-2F4F-448E-B4B6-F020B67D9A66}.Release|Any CPU.Deploy.0 = Release|Any CPU
		{B2FF7FF2-2F4F-448E-B4B6-F020B67D9A66}.Release|ARM.ActiveCfg = Release|Any CPU
		{B2FF7FF2-2F4F-448E-B4B6-F020B67D9A66}.Release|ARM.Build.0 = Release|Any CPU
		{B2FF7FF2-2F4F-448E-B4B6-F020B67D9A66}.Release|ARM.Deploy.0 = Release|Any CPU
		{B2FF7FF2-2F4F-448E-B4B6-F020B67D9A66}.Release|iPhone.ActiveCfg = Release|Any CPU
		{B2FF7FF2-2F4F-448E-B4B6-F020B67D9A66}.Release|iPhone.Build.0 = Release|Any CPU
		{B2FF7FF2-2F4F-448E-B4B6-F020B67D9A66}.Release|iPhone.Deploy.0 = Release|Any CPU
		{B2FF7FF2-2F4F-448E-B4B6-F020B67D9A66}.Release|iPhoneSimulator.ActiveCfg = Release|Any CPU
		{B2FF7FF2-2F4F-448E-B4B6-F020B67D9A66}.Release|iPhoneSimulator.Build.0 = Release|Any CPU
		{B2FF7FF2-2F4F-448E-B4B6-F020B67D9A66}.Release|iPhoneSimulator.Deploy.0 = Release|Any CPU
		{B2FF7FF2-2F4F-448E-B4B6-F020B67D9A66}.Release|x64.ActiveCfg = Release|Any CPU
		{B2FF7FF2-2F4F-448E-B4B6-F020B67D9A66}.Release|x64.Build.0 = Release|Any CPU
		{B2FF7FF2-2F4F-448E-B4B6-F020B67D9A66}.Release|x64.Deploy.0 = Release|Any CPU
		{B2FF7FF2-2F4F-448E-B4B6-F020B67D9A66}.Release|x86.ActiveCfg = Release|Any CPU
		{B2FF7FF2-2F4F-448E-B4B6-F020B67D9A66}.Release|x86.Build.0 = Release|Any CPU
		{B2FF7FF2-2F4F-448E-B4B6-F020B67D9A66}.Release|x86.Deploy.0 = Release|Any CPU
	EndGlobalSection
	GlobalSection(SolutionProperties) = preSolution
		HideSolutionNode = FALSE
	EndGlobalSection
	GlobalSection(ExtensibilityGlobals) = postSolution
		SolutionGuid = {818AD78C-CEF5-479E-8BED-361FB8F92009}
	EndGlobalSection
EndGlobal
